// !$*UTF8*$!
{
	archiveVersion = 1;
	classes = {
	};
	objectVersion = 56;
	objects = {

/* Begin PBXBuildFile section */
		CE419D7F2996A9B200AAAA69 /* AppDelegate.swift in Sources */ = {isa = PBXBuildFile; fileRef = CE419D7E2996A9B200AAAA69 /* AppDelegate.swift */; };
		CE419D812996A9B200AAAA69 /* SceneDelegate.swift in Sources */ = {isa = PBXBuildFile; fileRef = CE419D802996A9B200AAAA69 /* SceneDelegate.swift */; };
		CE419D882996A9B300AAAA69 /* Assets.xcassets in Resources */ = {isa = PBXBuildFile; fileRef = CE419D872996A9B300AAAA69 /* Assets.xcassets */; };
		CE419D8B2996A9B300AAAA69 /* LaunchScreen.storyboard in Resources */ = {isa = PBXBuildFile; fileRef = CE419D892996A9B300AAAA69 /* LaunchScreen.storyboard */; };
		CE419D962996A9B300AAAA69 /* RickAndMortyAppTests.swift in Sources */ = {isa = PBXBuildFile; fileRef = CE419D952996A9B300AAAA69 /* RickAndMortyAppTests.swift */; };
		CE419DA02996A9B300AAAA69 /* RickAndMortyAppUITests.swift in Sources */ = {isa = PBXBuildFile; fileRef = CE419D9F2996A9B300AAAA69 /* RickAndMortyAppUITests.swift */; };
		CE419DA22996A9B300AAAA69 /* RickAndMortyAppUITestsLaunchTests.swift in Sources */ = {isa = PBXBuildFile; fileRef = CE419DA12996A9B300AAAA69 /* RickAndMortyAppUITestsLaunchTests.swift */; };
		CE419DB62996AECC00AAAA69 /* RMLocation.swift in Sources */ = {isa = PBXBuildFile; fileRef = CE419DB52996AECC00AAAA69 /* RMLocation.swift */; };
		CE419DB82996AEDB00AAAA69 /* RMEpisode.swift in Sources */ = {isa = PBXBuildFile; fileRef = CE419DB72996AEDB00AAAA69 /* RMEpisode.swift */; };
		CE419DBA2996AEE600AAAA69 /* RMCharacter.swift in Sources */ = {isa = PBXBuildFile; fileRef = CE419DB92996AEE600AAAA69 /* RMCharacter.swift */; };
		CE419DBC2996AF3600AAAA69 /* RMTabViewController.swift in Sources */ = {isa = PBXBuildFile; fileRef = CE419DBB2996AF3600AAAA69 /* RMTabViewController.swift */; };
		CE419DBF2996AFBD00AAAA69 /* RMCharacterViewController.swift in Sources */ = {isa = PBXBuildFile; fileRef = CE419DBE2996AFBD00AAAA69 /* RMCharacterViewController.swift */; };
		CE419DC12996AFCF00AAAA69 /* RMLocationViewController.swift in Sources */ = {isa = PBXBuildFile; fileRef = CE419DC02996AFCF00AAAA69 /* RMLocationViewController.swift */; };
		CE419DC32996AFE100AAAA69 /* RMEpisodeViewController.swift in Sources */ = {isa = PBXBuildFile; fileRef = CE419DC22996AFE100AAAA69 /* RMEpisodeViewController.swift */; };
		CE419DC52996AFF100AAAA69 /* RMSettingsViewController.swift in Sources */ = {isa = PBXBuildFile; fileRef = CE419DC42996AFF100AAAA69 /* RMSettingsViewController.swift */; };
		CE419DC72996B6D500AAAA69 /* RMService.swift in Sources */ = {isa = PBXBuildFile; fileRef = CE419DC62996B6D500AAAA69 /* RMService.swift */; };
		CE419DC92996B6DF00AAAA69 /* RMRequest.swift in Sources */ = {isa = PBXBuildFile; fileRef = CE419DC82996B6DF00AAAA69 /* RMRequest.swift */; };
		CE419DCB2996B8B800AAAA69 /* RMEndpoint.swift in Sources */ = {isa = PBXBuildFile; fileRef = CE419DCA2996B8B800AAAA69 /* RMEndpoint.swift */; };
/* End PBXBuildFile section */

/* Begin PBXContainerItemProxy section */
		CE419D922996A9B300AAAA69 /* PBXContainerItemProxy */ = {
			isa = PBXContainerItemProxy;
			containerPortal = CE419D732996A9B100AAAA69 /* Project object */;
			proxyType = 1;
			remoteGlobalIDString = CE419D7A2996A9B100AAAA69;
			remoteInfo = RickAndMortyApp;
		};
		CE419D9C2996A9B300AAAA69 /* PBXContainerItemProxy */ = {
			isa = PBXContainerItemProxy;
			containerPortal = CE419D732996A9B100AAAA69 /* Project object */;
			proxyType = 1;
			remoteGlobalIDString = CE419D7A2996A9B100AAAA69;
			remoteInfo = RickAndMortyApp;
		};
/* End PBXContainerItemProxy section */

/* Begin PBXFileReference section */
		CE419D7B2996A9B100AAAA69 /* RickAndMortyApp.app */ = {isa = PBXFileReference; explicitFileType = wrapper.application; includeInIndex = 0; path = RickAndMortyApp.app; sourceTree = BUILT_PRODUCTS_DIR; };
		CE419D7E2996A9B200AAAA69 /* AppDelegate.swift */ = {isa = PBXFileReference; lastKnownFileType = sourcecode.swift; path = AppDelegate.swift; sourceTree = "<group>"; };
		CE419D802996A9B200AAAA69 /* SceneDelegate.swift */ = {isa = PBXFileReference; lastKnownFileType = sourcecode.swift; path = SceneDelegate.swift; sourceTree = "<group>"; };
		CE419D872996A9B300AAAA69 /* Assets.xcassets */ = {isa = PBXFileReference; lastKnownFileType = folder.assetcatalog; path = Assets.xcassets; sourceTree = "<group>"; };
		CE419D8A2996A9B300AAAA69 /* Base */ = {isa = PBXFileReference; lastKnownFileType = file.storyboard; name = Base; path = Base.lproj/LaunchScreen.storyboard; sourceTree = "<group>"; };
		CE419D8C2996A9B300AAAA69 /* Info.plist */ = {isa = PBXFileReference; lastKnownFileType = text.plist.xml; path = Info.plist; sourceTree = "<group>"; };
		CE419D912996A9B300AAAA69 /* RickAndMortyAppTests.xctest */ = {isa = PBXFileReference; explicitFileType = wrapper.cfbundle; includeInIndex = 0; path = RickAndMortyAppTests.xctest; sourceTree = BUILT_PRODUCTS_DIR; };
		CE419D952996A9B300AAAA69 /* RickAndMortyAppTests.swift */ = {isa = PBXFileReference; lastKnownFileType = sourcecode.swift; path = RickAndMortyAppTests.swift; sourceTree = "<group>"; };
		CE419D9B2996A9B300AAAA69 /* RickAndMortyAppUITests.xctest */ = {isa = PBXFileReference; explicitFileType = wrapper.cfbundle; includeInIndex = 0; path = RickAndMortyAppUITests.xctest; sourceTree = BUILT_PRODUCTS_DIR; };
		CE419D9F2996A9B300AAAA69 /* RickAndMortyAppUITests.swift */ = {isa = PBXFileReference; lastKnownFileType = sourcecode.swift; path = RickAndMortyAppUITests.swift; sourceTree = "<group>"; };
		CE419DA12996A9B300AAAA69 /* RickAndMortyAppUITestsLaunchTests.swift */ = {isa = PBXFileReference; lastKnownFileType = sourcecode.swift; path = RickAndMortyAppUITestsLaunchTests.swift; sourceTree = "<group>"; };
		CE419DB52996AECC00AAAA69 /* RMLocation.swift */ = {isa = PBXFileReference; lastKnownFileType = sourcecode.swift; path = RMLocation.swift; sourceTree = "<group>"; };
		CE419DB72996AEDB00AAAA69 /* RMEpisode.swift */ = {isa = PBXFileReference; lastKnownFileType = sourcecode.swift; path = RMEpisode.swift; sourceTree = "<group>"; };
		CE419DB92996AEE600AAAA69 /* RMCharacter.swift */ = {isa = PBXFileReference; lastKnownFileType = sourcecode.swift; path = RMCharacter.swift; sourceTree = "<group>"; };
		CE419DBB2996AF3600AAAA69 /* RMTabViewController.swift */ = {isa = PBXFileReference; lastKnownFileType = sourcecode.swift; path = RMTabViewController.swift; sourceTree = "<group>"; };
		CE419DBE2996AFBD00AAAA69 /* RMCharacterViewController.swift */ = {isa = PBXFileReference; lastKnownFileType = sourcecode.swift; path = RMCharacterViewController.swift; sourceTree = "<group>"; };
		CE419DC02996AFCF00AAAA69 /* RMLocationViewController.swift */ = {isa = PBXFileReference; lastKnownFileType = sourcecode.swift; path = RMLocationViewController.swift; sourceTree = "<group>"; };
		CE419DC22996AFE100AAAA69 /* RMEpisodeViewController.swift */ = {isa = PBXFileReference; lastKnownFileType = sourcecode.swift; path = RMEpisodeViewController.swift; sourceTree = "<group>"; };
		CE419DC42996AFF100AAAA69 /* RMSettingsViewController.swift */ = {isa = PBXFileReference; lastKnownFileType = sourcecode.swift; path = RMSettingsViewController.swift; sourceTree = "<group>"; };
		CE419DC62996B6D500AAAA69 /* RMService.swift */ = {isa = PBXFileReference; lastKnownFileType = sourcecode.swift; path = RMService.swift; sourceTree = "<group>"; };
		CE419DC82996B6DF00AAAA69 /* RMRequest.swift */ = {isa = PBXFileReference; lastKnownFileType = sourcecode.swift; path = RMRequest.swift; sourceTree = "<group>"; };
		CE419DCA2996B8B800AAAA69 /* RMEndpoint.swift */ = {isa = PBXFileReference; lastKnownFileType = sourcecode.swift; path = RMEndpoint.swift; sourceTree = "<group>"; };
/* End PBXFileReference section */

/* Begin PBXFrameworksBuildPhase section */
		CE419D782996A9B100AAAA69 /* Frameworks */ = {
			isa = PBXFrameworksBuildPhase;
			buildActionMask = 2147483647;
			files = (
			);
			runOnlyForDeploymentPostprocessing = 0;
		};
		CE419D8E2996A9B300AAAA69 /* Frameworks */ = {
			isa = PBXFrameworksBuildPhase;
			buildActionMask = 2147483647;
			files = (
			);
			runOnlyForDeploymentPostprocessing = 0;
		};
		CE419D982996A9B300AAAA69 /* Frameworks */ = {
			isa = PBXFrameworksBuildPhase;
			buildActionMask = 2147483647;
			files = (
			);
			runOnlyForDeploymentPostprocessing = 0;
		};
/* End PBXFrameworksBuildPhase section */

/* Begin PBXGroup section */
		CE419D722996A9B100AAAA69 = {
			isa = PBXGroup;
			children = (
				CE419D7D2996A9B200AAAA69 /* RickAndMortyApp */,
				CE419D942996A9B300AAAA69 /* RickAndMortyAppTests */,
				CE419D9E2996A9B300AAAA69 /* RickAndMortyAppUITests */,
				CE419D7C2996A9B100AAAA69 /* Products */,
			);
			sourceTree = "<group>";
		};
		CE419D7C2996A9B100AAAA69 /* Products */ = {
			isa = PBXGroup;
			children = (
				CE419D7B2996A9B100AAAA69 /* RickAndMortyApp.app */,
				CE419D912996A9B300AAAA69 /* RickAndMortyAppTests.xctest */,
				CE419D9B2996A9B300AAAA69 /* RickAndMortyAppUITests.xctest */,
			);
			name = Products;
			sourceTree = "<group>";
		};
		CE419D7D2996A9B200AAAA69 /* RickAndMortyApp */ = {
			isa = PBXGroup;
			children = (
				CE419DB32996ADC900AAAA69 /* Models */,
				CE419DB22996ADC300AAAA69 /* Views */,
				CE419DB12996ADBD00AAAA69 /* ViewModels */,
				CE419DB42996ADEE00AAAA69 /* Controllers */,
				CE419DB02996ADAB00AAAA69 /* APIClient */,
				CE419DAF2996ADA600AAAA69 /* Managers */,
				CE419DAE2996AD9500AAAA69 /* Resources */,
				CE419D8C2996A9B300AAAA69 /* Info.plist */,
			);
			path = RickAndMortyApp;
			sourceTree = "<group>";
		};
		CE419D942996A9B300AAAA69 /* RickAndMortyAppTests */ = {
			isa = PBXGroup;
			children = (
				CE419D952996A9B300AAAA69 /* RickAndMortyAppTests.swift */,
			);
			path = RickAndMortyAppTests;
			sourceTree = "<group>";
		};
		CE419D9E2996A9B300AAAA69 /* RickAndMortyAppUITests */ = {
			isa = PBXGroup;
			children = (
				CE419D9F2996A9B300AAAA69 /* RickAndMortyAppUITests.swift */,
				CE419DA12996A9B300AAAA69 /* RickAndMortyAppUITestsLaunchTests.swift */,
			);
			path = RickAndMortyAppUITests;
			sourceTree = "<group>";
		};
		CE419DAE2996AD9500AAAA69 /* Resources */ = {
			isa = PBXGroup;
			children = (
				CE419D872996A9B300AAAA69 /* Assets.xcassets */,
				CE419D892996A9B300AAAA69 /* LaunchScreen.storyboard */,
				CE419D7E2996A9B200AAAA69 /* AppDelegate.swift */,
				CE419D802996A9B200AAAA69 /* SceneDelegate.swift */,
			);
			path = Resources;
			sourceTree = "<group>";
		};
		CE419DAF2996ADA600AAAA69 /* Managers */ = {
			isa = PBXGroup;
			children = (
			);
			path = Managers;
			sourceTree = "<group>";
		};
		CE419DB02996ADAB00AAAA69 /* APIClient */ = {
			isa = PBXGroup;
			children = (
				CE419DC62996B6D500AAAA69 /* RMService.swift */,
				CE419DC82996B6DF00AAAA69 /* RMRequest.swift */,
				CE419DCA2996B8B800AAAA69 /* RMEndpoint.swift */,
			);
			path = APIClient;
			sourceTree = "<group>";
		};
		CE419DB12996ADBD00AAAA69 /* ViewModels */ = {
			isa = PBXGroup;
			children = (
			);
			path = ViewModels;
			sourceTree = "<group>";
		};
		CE419DB22996ADC300AAAA69 /* Views */ = {
			isa = PBXGroup;
			children = (
			);
			path = Views;
			sourceTree = "<group>";
		};
		CE419DB32996ADC900AAAA69 /* Models */ = {
			isa = PBXGroup;
			children = (
				CE419DB52996AECC00AAAA69 /* RMLocation.swift */,
				CE419DB72996AEDB00AAAA69 /* RMEpisode.swift */,
				CE419DB92996AEE600AAAA69 /* RMCharacter.swift */,
			);
			path = Models;
			sourceTree = "<group>";
		};
		CE419DB42996ADEE00AAAA69 /* Controllers */ = {
			isa = PBXGroup;
			children = (
				CE419DBD2996AF8700AAAA69 /* Core */,
			);
			path = Controllers;
			sourceTree = "<group>";
		};
		CE419DBD2996AF8700AAAA69 /* Core */ = {
			isa = PBXGroup;
			children = (
				CE419DBB2996AF3600AAAA69 /* RMTabViewController.swift */,
				CE419DBE2996AFBD00AAAA69 /* RMCharacterViewController.swift */,
				CE419DC02996AFCF00AAAA69 /* RMLocationViewController.swift */,
				CE419DC22996AFE100AAAA69 /* RMEpisodeViewController.swift */,
				CE419DC42996AFF100AAAA69 /* RMSettingsViewController.swift */,
			);
			path = Core;
			sourceTree = "<group>";
		};
/* End PBXGroup section */

/* Begin PBXNativeTarget section */
		CE419D7A2996A9B100AAAA69 /* RickAndMortyApp */ = {
			isa = PBXNativeTarget;
			buildConfigurationList = CE419DA52996A9B300AAAA69 /* Build configuration list for PBXNativeTarget "RickAndMortyApp" */;
			buildPhases = (
				CE419D772996A9B100AAAA69 /* Sources */,
				CE419D782996A9B100AAAA69 /* Frameworks */,
				CE419D792996A9B100AAAA69 /* Resources */,
			);
			buildRules = (
			);
			dependencies = (
			);
			name = RickAndMortyApp;
			productName = RickAndMortyApp;
			productReference = CE419D7B2996A9B100AAAA69 /* RickAndMortyApp.app */;
			productType = "com.apple.product-type.application";
		};
		CE419D902996A9B300AAAA69 /* RickAndMortyAppTests */ = {
			isa = PBXNativeTarget;
			buildConfigurationList = CE419DA82996A9B300AAAA69 /* Build configuration list for PBXNativeTarget "RickAndMortyAppTests" */;
			buildPhases = (
				CE419D8D2996A9B300AAAA69 /* Sources */,
				CE419D8E2996A9B300AAAA69 /* Frameworks */,
				CE419D8F2996A9B300AAAA69 /* Resources */,
			);
			buildRules = (
			);
			dependencies = (
				CE419D932996A9B300AAAA69 /* PBXTargetDependency */,
			);
			name = RickAndMortyAppTests;
			productName = RickAndMortyAppTests;
			productReference = CE419D912996A9B300AAAA69 /* RickAndMortyAppTests.xctest */;
			productType = "com.apple.product-type.bundle.unit-test";
		};
		CE419D9A2996A9B300AAAA69 /* RickAndMortyAppUITests */ = {
			isa = PBXNativeTarget;
			buildConfigurationList = CE419DAB2996A9B300AAAA69 /* Build configuration list for PBXNativeTarget "RickAndMortyAppUITests" */;
			buildPhases = (
				CE419D972996A9B300AAAA69 /* Sources */,
				CE419D982996A9B300AAAA69 /* Frameworks */,
				CE419D992996A9B300AAAA69 /* Resources */,
			);
			buildRules = (
			);
			dependencies = (
				CE419D9D2996A9B300AAAA69 /* PBXTargetDependency */,
			);
			name = RickAndMortyAppUITests;
			productName = RickAndMortyAppUITests;
			productReference = CE419D9B2996A9B300AAAA69 /* RickAndMortyAppUITests.xctest */;
			productType = "com.apple.product-type.bundle.ui-testing";
		};
/* End PBXNativeTarget section */

/* Begin PBXProject section */
		CE419D732996A9B100AAAA69 /* Project object */ = {
			isa = PBXProject;
			attributes = {
				BuildIndependentTargetsInParallel = 1;
				LastSwiftUpdateCheck = 1410;
				LastUpgradeCheck = 1410;
				TargetAttributes = {
					CE419D7A2996A9B100AAAA69 = {
						CreatedOnToolsVersion = 14.1;
					};
					CE419D902996A9B300AAAA69 = {
						CreatedOnToolsVersion = 14.1;
						TestTargetID = CE419D7A2996A9B100AAAA69;
					};
					CE419D9A2996A9B300AAAA69 = {
						CreatedOnToolsVersion = 14.1;
						TestTargetID = CE419D7A2996A9B100AAAA69;
					};
				};
			};
			buildConfigurationList = CE419D762996A9B100AAAA69 /* Build configuration list for PBXProject "RickAndMortyApp" */;
			compatibilityVersion = "Xcode 14.0";
			developmentRegion = en;
			hasScannedForEncodings = 0;
			knownRegions = (
				en,
				Base,
			);
			mainGroup = CE419D722996A9B100AAAA69;
			productRefGroup = CE419D7C2996A9B100AAAA69 /* Products */;
			projectDirPath = "";
			projectRoot = "";
			targets = (
				CE419D7A2996A9B100AAAA69 /* RickAndMortyApp */,
				CE419D902996A9B300AAAA69 /* RickAndMortyAppTests */,
				CE419D9A2996A9B300AAAA69 /* RickAndMortyAppUITests */,
			);
		};
/* End PBXProject section */

/* Begin PBXResourcesBuildPhase section */
		CE419D792996A9B100AAAA69 /* Resources */ = {
			isa = PBXResourcesBuildPhase;
			buildActionMask = 2147483647;
			files = (
				CE419D8B2996A9B300AAAA69 /* LaunchScreen.storyboard in Resources */,
				CE419D882996A9B300AAAA69 /* Assets.xcassets in Resources */,
			);
			runOnlyForDeploymentPostprocessing = 0;
		};
		CE419D8F2996A9B300AAAA69 /* Resources */ = {
			isa = PBXResourcesBuildPhase;
			buildActionMask = 2147483647;
			files = (
			);
			runOnlyForDeploymentPostprocessing = 0;
		};
		CE419D992996A9B300AAAA69 /* Resources */ = {
			isa = PBXResourcesBuildPhase;
			buildActionMask = 2147483647;
			files = (
			);
			runOnlyForDeploymentPostprocessing = 0;
		};
/* End PBXResourcesBuildPhase section */

/* Begin PBXSourcesBuildPhase section */
		CE419D772996A9B100AAAA69 /* Sources */ = {
			isa = PBXSourcesBuildPhase;
			buildActionMask = 2147483647;
			files = (
				CE419DC12996AFCF00AAAA69 /* RMLocationViewController.swift in Sources */,
				CE419DBA2996AEE600AAAA69 /* RMCharacter.swift in Sources */,
				CE419DBC2996AF3600AAAA69 /* RMTabViewController.swift in Sources */,
				CE419DC32996AFE100AAAA69 /* RMEpisodeViewController.swift in Sources */,
				CE419DC52996AFF100AAAA69 /* RMSettingsViewController.swift in Sources */,
				CE419D7F2996A9B200AAAA69 /* AppDelegate.swift in Sources */,
				CE419DB82996AEDB00AAAA69 /* RMEpisode.swift in Sources */,
				CE419DC72996B6D500AAAA69 /* RMService.swift in Sources */,
				CE419DBF2996AFBD00AAAA69 /* RMCharacterViewController.swift in Sources */,
				CE419DCB2996B8B800AAAA69 /* RMEndpoint.swift in Sources */,
				CE419D812996A9B200AAAA69 /* SceneDelegate.swift in Sources */,
				CE419DC92996B6DF00AAAA69 /* RMRequest.swift in Sources */,
				CE419DB62996AECC00AAAA69 /* RMLocation.swift in Sources */,
			);
			runOnlyForDeploymentPostprocessing = 0;
		};
		CE419D8D2996A9B300AAAA69 /* Sources */ = {
			isa = PBXSourcesBuildPhase;
			buildActionMask = 2147483647;
			files = (
				CE419D962996A9B300AAAA69 /* RickAndMortyAppTests.swift in Sources */,
			);
			runOnlyForDeploymentPostprocessing = 0;
		};
		CE419D972996A9B300AAAA69 /* Sources */ = {
			isa = PBXSourcesBuildPhase;
			buildActionMask = 2147483647;
			files = (
				CE419DA02996A9B300AAAA69 /* RickAndMortyAppUITests.swift in Sources */,
				CE419DA22996A9B300AAAA69 /* RickAndMortyAppUITestsLaunchTests.swift in Sources */,
			);
			runOnlyForDeploymentPostprocessing = 0;
		};
/* End PBXSourcesBuildPhase section */

/* Begin PBXTargetDependency section */
		CE419D932996A9B300AAAA69 /* PBXTargetDependency */ = {
			isa = PBXTargetDependency;
			target = CE419D7A2996A9B100AAAA69 /* RickAndMortyApp */;
			targetProxy = CE419D922996A9B300AAAA69 /* PBXContainerItemProxy */;
		};
		CE419D9D2996A9B300AAAA69 /* PBXTargetDependency */ = {
			isa = PBXTargetDependency;
			target = CE419D7A2996A9B100AAAA69 /* RickAndMortyApp */;
			targetProxy = CE419D9C2996A9B300AAAA69 /* PBXContainerItemProxy */;
		};
/* End PBXTargetDependency section */

/* Begin PBXVariantGroup section */
		CE419D892996A9B300AAAA69 /* LaunchScreen.storyboard */ = {
			isa = PBXVariantGroup;
			children = (
				CE419D8A2996A9B300AAAA69 /* Base */,
			);
			name = LaunchScreen.storyboard;
			sourceTree = "<group>";
		};
/* End PBXVariantGroup section */

/* Begin XCBuildConfiguration section */
		CE419DA32996A9B300AAAA69 /* Debug */ = {
			isa = XCBuildConfiguration;
			buildSettings = {
				ALWAYS_SEARCH_USER_PATHS = NO;
				CLANG_ANALYZER_NONNULL = YES;
				CLANG_ANALYZER_NUMBER_OBJECT_CONVERSION = YES_AGGRESSIVE;
				CLANG_CXX_LANGUAGE_STANDARD = "gnu++20";
				CLANG_ENABLE_MODULES = YES;
				CLANG_ENABLE_OBJC_ARC = YES;
				CLANG_ENABLE_OBJC_WEAK = YES;
				CLANG_WARN_BLOCK_CAPTURE_AUTORELEASING = YES;
				CLANG_WARN_BOOL_CONVERSION = YES;
				CLANG_WARN_COMMA = YES;
				CLANG_WARN_CONSTANT_CONVERSION = YES;
				CLANG_WARN_DEPRECATED_OBJC_IMPLEMENTATIONS = YES;
				CLANG_WARN_DIRECT_OBJC_ISA_USAGE = YES_ERROR;
				CLANG_WARN_DOCUMENTATION_COMMENTS = YES;
				CLANG_WARN_EMPTY_BODY = YES;
				CLANG_WARN_ENUM_CONVERSION = YES;
				CLANG_WARN_INFINITE_RECURSION = YES;
				CLANG_WARN_INT_CONVERSION = YES;
				CLANG_WARN_NON_LITERAL_NULL_CONVERSION = YES;
				CLANG_WARN_OBJC_IMPLICIT_RETAIN_SELF = YES;
				CLANG_WARN_OBJC_LITERAL_CONVERSION = YES;
				CLANG_WARN_OBJC_ROOT_CLASS = YES_ERROR;
				CLANG_WARN_QUOTED_INCLUDE_IN_FRAMEWORK_HEADER = YES;
				CLANG_WARN_RANGE_LOOP_ANALYSIS = YES;
				CLANG_WARN_STRICT_PROTOTYPES = YES;
				CLANG_WARN_SUSPICIOUS_MOVE = YES;
				CLANG_WARN_UNGUARDED_AVAILABILITY = YES_AGGRESSIVE;
				CLANG_WARN_UNREACHABLE_CODE = YES;
				CLANG_WARN__DUPLICATE_METHOD_MATCH = YES;
				COPY_PHASE_STRIP = NO;
				DEBUG_INFORMATION_FORMAT = dwarf;
				ENABLE_STRICT_OBJC_MSGSEND = YES;
				ENABLE_TESTABILITY = YES;
				GCC_C_LANGUAGE_STANDARD = gnu11;
				GCC_DYNAMIC_NO_PIC = NO;
				GCC_NO_COMMON_BLOCKS = YES;
				GCC_OPTIMIZATION_LEVEL = 0;
				GCC_PREPROCESSOR_DEFINITIONS = (
					"DEBUG=1",
					"$(inherited)",
				);
				GCC_WARN_64_TO_32_BIT_CONVERSION = YES;
				GCC_WARN_ABOUT_RETURN_TYPE = YES_ERROR;
				GCC_WARN_UNDECLARED_SELECTOR = YES;
				GCC_WARN_UNINITIALIZED_AUTOS = YES_AGGRESSIVE;
				GCC_WARN_UNUSED_FUNCTION = YES;
				GCC_WARN_UNUSED_VARIABLE = YES;
				IPHONEOS_DEPLOYMENT_TARGET = 16.1;
				MTL_ENABLE_DEBUG_INFO = INCLUDE_SOURCE;
				MTL_FAST_MATH = YES;
				ONLY_ACTIVE_ARCH = YES;
				SDKROOT = iphoneos;
				SWIFT_ACTIVE_COMPILATION_CONDITIONS = DEBUG;
				SWIFT_OPTIMIZATION_LEVEL = "-Onone";
			};
			name = Debug;
		};
		CE419DA42996A9B300AAAA69 /* Release */ = {
			isa = XCBuildConfiguration;
			buildSettings = {
				ALWAYS_SEARCH_USER_PATHS = NO;
				CLANG_ANALYZER_NONNULL = YES;
				CLANG_ANALYZER_NUMBER_OBJECT_CONVERSION = YES_AGGRESSIVE;
				CLANG_CXX_LANGUAGE_STANDARD = "gnu++20";
				CLANG_ENABLE_MODULES = YES;
				CLANG_ENABLE_OBJC_ARC = YES;
				CLANG_ENABLE_OBJC_WEAK = YES;
				CLANG_WARN_BLOCK_CAPTURE_AUTORELEASING = YES;
				CLANG_WARN_BOOL_CONVERSION = YES;
				CLANG_WARN_COMMA = YES;
				CLANG_WARN_CONSTANT_CONVERSION = YES;
				CLANG_WARN_DEPRECATED_OBJC_IMPLEMENTATIONS = YES;
				CLANG_WARN_DIRECT_OBJC_ISA_USAGE = YES_ERROR;
				CLANG_WARN_DOCUMENTATION_COMMENTS = YES;
				CLANG_WARN_EMPTY_BODY = YES;
				CLANG_WARN_ENUM_CONVERSION = YES;
				CLANG_WARN_INFINITE_RECURSION = YES;
				CLANG_WARN_INT_CONVERSION = YES;
				CLANG_WARN_NON_LITERAL_NULL_CONVERSION = YES;
				CLANG_WARN_OBJC_IMPLICIT_RETAIN_SELF = YES;
				CLANG_WARN_OBJC_LITERAL_CONVERSION = YES;
				CLANG_WARN_OBJC_ROOT_CLASS = YES_ERROR;
				CLANG_WARN_QUOTED_INCLUDE_IN_FRAMEWORK_HEADER = YES;
				CLANG_WARN_RANGE_LOOP_ANALYSIS = YES;
				CLANG_WARN_STRICT_PROTOTYPES = YES;
				CLANG_WARN_SUSPICIOUS_MOVE = YES;
				CLANG_WARN_UNGUARDED_AVAILABILITY = YES_AGGRESSIVE;
				CLANG_WARN_UNREACHABLE_CODE = YES;
				CLANG_WARN__DUPLICATE_METHOD_MATCH = YES;
				COPY_PHASE_STRIP = NO;
				DEBUG_INFORMATION_FORMAT = "dwarf-with-dsym";
				ENABLE_NS_ASSERTIONS = NO;
				ENABLE_STRICT_OBJC_MSGSEND = YES;
				GCC_C_LANGUAGE_STANDARD = gnu11;
				GCC_NO_COMMON_BLOCKS = YES;
				GCC_WARN_64_TO_32_BIT_CONVERSION = YES;
				GCC_WARN_ABOUT_RETURN_TYPE = YES_ERROR;
				GCC_WARN_UNDECLARED_SELECTOR = YES;
				GCC_WARN_UNINITIALIZED_AUTOS = YES_AGGRESSIVE;
				GCC_WARN_UNUSED_FUNCTION = YES;
				GCC_WARN_UNUSED_VARIABLE = YES;
				IPHONEOS_DEPLOYMENT_TARGET = 16.1;
				MTL_ENABLE_DEBUG_INFO = NO;
				MTL_FAST_MATH = YES;
				SDKROOT = iphoneos;
				SWIFT_COMPILATION_MODE = wholemodule;
				SWIFT_OPTIMIZATION_LEVEL = "-O";
				VALIDATE_PRODUCT = YES;
			};
			name = Release;
		};
		CE419DA62996A9B300AAAA69 /* Debug */ = {
			isa = XCBuildConfiguration;
			buildSettings = {
				ASSETCATALOG_COMPILER_APPICON_NAME = AppIcon;
				ASSETCATALOG_COMPILER_GLOBAL_ACCENT_COLOR_NAME = AccentColor;
				CODE_SIGN_STYLE = Automatic;
				CURRENT_PROJECT_VERSION = 1;
				DEVELOPMENT_TEAM = SBB2CSR978;
				GENERATE_INFOPLIST_FILE = YES;
				INFOPLIST_FILE = RickAndMortyApp/Info.plist;
				INFOPLIST_KEY_UIApplicationSupportsIndirectInputEvents = YES;
				INFOPLIST_KEY_UILaunchStoryboardName = LaunchScreen;
				INFOPLIST_KEY_UISupportedInterfaceOrientations_iPad = "UIInterfaceOrientationPortrait UIInterfaceOrientationPortraitUpsideDown UIInterfaceOrientationLandscapeLeft UIInterfaceOrientationLandscapeRight";
				INFOPLIST_KEY_UISupportedInterfaceOrientations_iPhone = "UIInterfaceOrientationPortrait UIInterfaceOrientationLandscapeLeft UIInterfaceOrientationLandscapeRight";
				LD_RUNPATH_SEARCH_PATHS = (
					"$(inherited)",
					"@executable_path/Frameworks",
				);
				MARKETING_VERSION = 1.0;
				PRODUCT_BUNDLE_IDENTIFIER = com.nicopepe.rickandmortyapp.RickAndMortyApp;
				PRODUCT_NAME = "$(TARGET_NAME)";
				SWIFT_EMIT_LOC_STRINGS = YES;
				SWIFT_VERSION = 5.0;
				TARGETED_DEVICE_FAMILY = "1,2";
			};
			name = Debug;
		};
		CE419DA72996A9B300AAAA69 /* Release */ = {
			isa = XCBuildConfiguration;
			buildSettings = {
				ASSETCATALOG_COMPILER_APPICON_NAME = AppIcon;
				ASSETCATALOG_COMPILER_GLOBAL_ACCENT_COLOR_NAME = AccentColor;
				CODE_SIGN_STYLE = Automatic;
				CURRENT_PROJECT_VERSION = 1;
				DEVELOPMENT_TEAM = SBB2CSR978;
				GENERATE_INFOPLIST_FILE = YES;
				INFOPLIST_FILE = RickAndMortyApp/Info.plist;
				INFOPLIST_KEY_UIApplicationSupportsIndirectInputEvents = YES;
				INFOPLIST_KEY_UILaunchStoryboardName = LaunchScreen;
				INFOPLIST_KEY_UISupportedInterfaceOrientations_iPad = "UIInterfaceOrientationPortrait UIInterfaceOrientationPortraitUpsideDown UIInterfaceOrientationLandscapeLeft UIInterfaceOrientationLandscapeRight";
				INFOPLIST_KEY_UISupportedInterfaceOrientations_iPhone = "UIInterfaceOrientationPortrait UIInterfaceOrientationLandscapeLeft UIInterfaceOrientationLandscapeRight";
				LD_RUNPATH_SEARCH_PATHS = (
					"$(inherited)",
					"@executable_path/Frameworks",
				);
				MARKETING_VERSION = 1.0;
				PRODUCT_BUNDLE_IDENTIFIER = com.nicopepe.rickandmortyapp.RickAndMortyApp;
				PRODUCT_NAME = "$(TARGET_NAME)";
				SWIFT_EMIT_LOC_STRINGS = YES;
				SWIFT_VERSION = 5.0;
				TARGETED_DEVICE_FAMILY = "1,2";
			};
			name = Release;
		};
		CE419DA92996A9B300AAAA69 /* Debug */ = {
			isa = XCBuildConfiguration;
			buildSettings = {
				ALWAYS_EMBED_SWIFT_STANDARD_LIBRARIES = YES;
				BUNDLE_LOADER = "$(TEST_HOST)";
				CODE_SIGN_STYLE = Automatic;
				CURRENT_PROJECT_VERSION = 1;
				DEVELOPMENT_TEAM = SBB2CSR978;
				GENERATE_INFOPLIST_FILE = YES;
				IPHONEOS_DEPLOYMENT_TARGET = 16.1;
				MARKETING_VERSION = 1.0;
				PRODUCT_BUNDLE_IDENTIFIER = com.nicopepe.rickandmortyapp.RickAndMortyAppTests;
				PRODUCT_NAME = "$(TARGET_NAME)";
				SWIFT_EMIT_LOC_STRINGS = NO;
				SWIFT_VERSION = 5.0;
				TARGETED_DEVICE_FAMILY = "1,2";
				TEST_HOST = "$(BUILT_PRODUCTS_DIR)/RickAndMortyApp.app/$(BUNDLE_EXECUTABLE_FOLDER_PATH)/RickAndMortyApp";
			};
			name = Debug;
		};
		CE419DAA2996A9B300AAAA69 /* Release */ = {
			isa = XCBuildConfiguration;
			buildSettings = {
				ALWAYS_EMBED_SWIFT_STANDARD_LIBRARIES = YES;
				BUNDLE_LOADER = "$(TEST_HOST)";
				CODE_SIGN_STYLE = Automatic;
				CURRENT_PROJECT_VERSION = 1;
				DEVELOPMENT_TEAM = SBB2CSR978;
				GENERATE_INFOPLIST_FILE = YES;
				IPHONEOS_DEPLOYMENT_TARGET = 16.1;
				MARKETING_VERSION = 1.0;
				PRODUCT_BUNDLE_IDENTIFIER = com.nicopepe.rickandmortyapp.RickAndMortyAppTests;
				PRODUCT_NAME = "$(TARGET_NAME)";
				SWIFT_EMIT_LOC_STRINGS = NO;
				SWIFT_VERSION = 5.0;
				TARGETED_DEVICE_FAMILY = "1,2";
				TEST_HOST = "$(BUILT_PRODUCTS_DIR)/RickAndMortyApp.app/$(BUNDLE_EXECUTABLE_FOLDER_PATH)/RickAndMortyApp";
			};
			name = Release;
		};
		CE419DAC2996A9B300AAAA69 /* Debug */ = {
			isa = XCBuildConfiguration;
			buildSettings = {
				ALWAYS_EMBED_SWIFT_STANDARD_LIBRARIES = YES;
				CODE_SIGN_STYLE = Automatic;
				CURRENT_PROJECT_VERSION = 1;
				DEVELOPMENT_TEAM = SBB2CSR978;
				GENERATE_INFOPLIST_FILE = YES;
				MARKETING_VERSION = 1.0;
				PRODUCT_BUNDLE_IDENTIFIER = com.nicopepe.rickandmortyapp.RickAndMortyAppUITests;
				PRODUCT_NAME = "$(TARGET_NAME)";
				SWIFT_EMIT_LOC_STRINGS = NO;
				SWIFT_VERSION = 5.0;
				TARGETED_DEVICE_FAMILY = "1,2";
				TEST_TARGET_NAME = RickAndMortyApp;
			};
			name = Debug;
		};
		CE419DAD2996A9B300AAAA69 /* Release */ = {
			isa = XCBuildConfiguration;
			buildSettings = {
				ALWAYS_EMBED_SWIFT_STANDARD_LIBRARIES = YES;
				CODE_SIGN_STYLE = Automatic;
				CURRENT_PROJECT_VERSION = 1;
				DEVELOPMENT_TEAM = SBB2CSR978;
				GENERATE_INFOPLIST_FILE = YES;
				MARKETING_VERSION = 1.0;
				PRODUCT_BUNDLE_IDENTIFIER = com.nicopepe.rickandmortyapp.RickAndMortyAppUITests;
				PRODUCT_NAME = "$(TARGET_NAME)";
				SWIFT_EMIT_LOC_STRINGS = NO;
				SWIFT_VERSION = 5.0;
				TARGETED_DEVICE_FAMILY = "1,2";
				TEST_TARGET_NAME = RickAndMortyApp;
			};
			name = Release;
		};
/* End XCBuildConfiguration section */

/* Begin XCConfigurationList section */
		CE419D762996A9B100AAAA69 /* Build configuration list for PBXProject "RickAndMortyApp" */ = {
			isa = XCConfigurationList;
			buildConfigurations = (
				CE419DA32996A9B300AAAA69 /* Debug */,
				CE419DA42996A9B300AAAA69 /* Release */,
			);
			defaultConfigurationIsVisible = 0;
			defaultConfigurationName = Release;
		};
		CE419DA52996A9B300AAAA69 /* Build configuration list for PBXNativeTarget "RickAndMortyApp" */ = {
			isa = XCConfigurationList;
			buildConfigurations = (
				CE419DA62996A9B300AAAA69 /* Debug */,
				CE419DA72996A9B300AAAA69 /* Release */,
			);
			defaultConfigurationIsVisible = 0;
			defaultConfigurationName = Release;
		};
		CE419DA82996A9B300AAAA69 /* Build configuration list for PBXNativeTarget "RickAndMortyAppTests" */ = {
			isa = XCConfigurationList;
			buildConfigurations = (
				CE419DA92996A9B300AAAA69 /* Debug */,
				CE419DAA2996A9B300AAAA69 /* Release */,
			);
			defaultConfigurationIsVisible = 0;
			defaultConfigurationName = Release;
		};
		CE419DAB2996A9B300AAAA69 /* Build configuration list for PBXNativeTarget "RickAndMortyAppUITests" */ = {
			isa = XCConfigurationList;
			buildConfigurations = (
				CE419DAC2996A9B300AAAA69 /* Debug */,
				CE419DAD2996A9B300AAAA69 /* Release */,
			);
			defaultConfigurationIsVisible = 0;
			defaultConfigurationName = Release;
		};
/* End XCConfigurationList section */
	};
	rootObject = CE419D732996A9B100AAAA69 /* Project object */;
}
